// !$*UTF8*$!
{
	archiveVersion = 1;
	classes = {
	};
	objectVersion = 56;
	objects = {

/* Begin PBXBuildFile section */
		E33270432C7E6AC4008D0A3A /* AppDelegate.swift in Sources */ = {isa = PBXBuildFile; fileRef = E33270422C7E6AC4008D0A3A /* AppDelegate.swift */; };
		E33270452C7E6AC4008D0A3A /* SceneDelegate.swift in Sources */ = {isa = PBXBuildFile; fileRef = E33270442C7E6AC4008D0A3A /* SceneDelegate.swift */; };
		E33270472C7E6AC4008D0A3A /* ViewController.swift in Sources */ = {isa = PBXBuildFile; fileRef = E33270462C7E6AC4008D0A3A /* ViewController.swift */; };
		E332704A2C7E6AC4008D0A3A /* Main.storyboard in Resources */ = {isa = PBXBuildFile; fileRef = E33270482C7E6AC4008D0A3A /* Main.storyboard */; };
		E332704D2C7E6AC4008D0A3A /* MemoApp_EunMi.xcdatamodeld in Sources */ = {isa = PBXBuildFile; fileRef = E332704B2C7E6AC4008D0A3A /* MemoApp_EunMi.xcdatamodeld */; };
		E332704F2C7E6AC7008D0A3A /* Assets.xcassets in Resources */ = {isa = PBXBuildFile; fileRef = E332704E2C7E6AC7008D0A3A /* Assets.xcassets */; };
		E33270522C7E6AC7008D0A3A /* LaunchScreen.storyboard in Resources */ = {isa = PBXBuildFile; fileRef = E33270502C7E6AC7008D0A3A /* LaunchScreen.storyboard */; };
/* End PBXBuildFile section */

/* Begin PBXFileReference section */
		E332703F2C7E6AC4008D0A3A /* MemoApp_EunMi.app */ = {isa = PBXFileReference; explicitFileType = wrapper.application; includeInIndex = 0; path = MemoApp_EunMi.app; sourceTree = BUILT_PRODUCTS_DIR; };
		E33270422C7E6AC4008D0A3A /* AppDelegate.swift */ = {isa = PBXFileReference; lastKnownFileType = sourcecode.swift; path = AppDelegate.swift; sourceTree = "<group>"; };
		E33270442C7E6AC4008D0A3A /* SceneDelegate.swift */ = {isa = PBXFileReference; lastKnownFileType = sourcecode.swift; path = SceneDelegate.swift; sourceTree = "<group>"; };
		E33270462C7E6AC4008D0A3A /* ViewController.swift */ = {isa = PBXFileReference; lastKnownFileType = sourcecode.swift; path = ViewController.swift; sourceTree = "<group>"; };
		E33270492C7E6AC4008D0A3A /* Base */ = {isa = PBXFileReference; lastKnownFileType = file.storyboard; name = Base; path = Base.lproj/Main.storyboard; sourceTree = "<group>"; };
		E332704C2C7E6AC4008D0A3A /* MemoApp_EunMi.xcdatamodel */ = {isa = PBXFileReference; lastKnownFileType = wrapper.xcdatamodel; path = MemoApp_EunMi.xcdatamodel; sourceTree = "<group>"; };
		E332704E2C7E6AC7008D0A3A /* Assets.xcassets */ = {isa = PBXFileReference; lastKnownFileType = folder.assetcatalog; path = Assets.xcassets; sourceTree = "<group>"; };
		E33270512C7E6AC7008D0A3A /* Base */ = {isa = PBXFileReference; lastKnownFileType = file.storyboard; name = Base; path = Base.lproj/LaunchScreen.storyboard; sourceTree = "<group>"; };
		E33270532C7E6AC7008D0A3A /* Info.plist */ = {isa = PBXFileReference; lastKnownFileType = text.plist.xml; path = Info.plist; sourceTree = "<group>"; };
/* End PBXFileReference section */

/* Begin PBXFrameworksBuildPhase section */
		E332703C2C7E6AC4008D0A3A /* Frameworks */ = {
			isa = PBXFrameworksBuildPhase;
			buildActionMask = 2147483647;
			files = (
			);
			runOnlyForDeploymentPostprocessing = 0;
		};
/* End PBXFrameworksBuildPhase section */

/* Begin PBXGroup section */
		E33270362C7E6AC3008D0A3A = {
			isa = PBXGroup;
			children = (
				E33270412C7E6AC4008D0A3A /* MemoApp_EunMi */,
				E33270402C7E6AC4008D0A3A /* Products */,
			);
			sourceTree = "<group>";
		};
		E33270402C7E6AC4008D0A3A /* Products */ = {
			isa = PBXGroup;
			children = (
				E332703F2C7E6AC4008D0A3A /* MemoApp_EunMi.app */,
			);
			name = Products;
			sourceTree = "<group>";
		};
		E33270412C7E6AC4008D0A3A /* MemoApp_EunMi */ = {
			isa = PBXGroup;
			children = (
				E33270422C7E6AC4008D0A3A /* AppDelegate.swift */,
				E33270442C7E6AC4008D0A3A /* SceneDelegate.swift */,
				E33270462C7E6AC4008D0A3A /* ViewController.swift */,
				E33270482C7E6AC4008D0A3A /* Main.storyboard */,
				E332704E2C7E6AC7008D0A3A /* Assets.xcassets */,
				E33270502C7E6AC7008D0A3A /* LaunchScreen.storyboard */,
				E33270532C7E6AC7008D0A3A /* Info.plist */,
				E332704B2C7E6AC4008D0A3A /* MemoApp_EunMi.xcdatamodeld */,
			);
			path = MemoApp_EunMi;
			sourceTree = "<group>";
		};
/* End PBXGroup section */

/* Begin PBXNativeTarget section */
		E332703E2C7E6AC4008D0A3A /* MemoApp_EunMi */ = {
			isa = PBXNativeTarget;
			buildConfigurationList = E33270562C7E6AC7008D0A3A /* Build configuration list for PBXNativeTarget "MemoApp_EunMi" */;
			buildPhases = (
				E332703B2C7E6AC4008D0A3A /* Sources */,
				E332703C2C7E6AC4008D0A3A /* Frameworks */,
				E332703D2C7E6AC4008D0A3A /* Resources */,
			);
			buildRules = (
			);
			dependencies = (
			);
			name = MemoApp_EunMi;
			productName = MemoApp_EunMi;
			productReference = E332703F2C7E6AC4008D0A3A /* MemoApp_EunMi.app */;
			productType = "com.apple.product-type.application";
		};
/* End PBXNativeTarget section */

/* Begin PBXProject section */
		E33270372C7E6AC3008D0A3A /* Project object */ = {
			isa = PBXProject;
			attributes = {
				BuildIndependentTargetsInParallel = 1;
				LastSwiftUpdateCheck = 1500;
				LastUpgradeCheck = 1500;
				TargetAttributes = {
					E332703E2C7E6AC4008D0A3A = {
						CreatedOnToolsVersion = 15.0.1;
					};
				};
			};
			buildConfigurationList = E332703A2C7E6AC4008D0A3A /* Build configuration list for PBXProject "MemoApp_EunMi" */;
			compatibilityVersion = "Xcode 14.0";
			developmentRegion = en;
			hasScannedForEncodings = 0;
			knownRegions = (
				en,
				Base,
			);
			mainGroup = E33270362C7E6AC3008D0A3A;
			productRefGroup = E33270402C7E6AC4008D0A3A /* Products */;
			projectDirPath = "";
			projectRoot = "";
			targets = (
				E332703E2C7E6AC4008D0A3A /* MemoApp_EunMi */,
			);
		};
/* End PBXProject section */

/* Begin PBXResourcesBuildPhase section */
		E332703D2C7E6AC4008D0A3A /* Resources */ = {
			isa = PBXResourcesBuildPhase;
			buildActionMask = 2147483647;
			files = (
				E33270522C7E6AC7008D0A3A /* LaunchScreen.storyboard in Resources */,
				E332704F2C7E6AC7008D0A3A /* Assets.xcassets in Resources */,
				E332704A2C7E6AC4008D0A3A /* Main.storyboard in Resources */,
			);
			runOnlyForDeploymentPostprocessing = 0;
		};
/* End PBXResourcesBuildPhase section */

/* Begin PBXSourcesBuildPhase section */
		E332703B2C7E6AC4008D0A3A /* Sources */ = {
			isa = PBXSourcesBuildPhase;
			buildActionMask = 2147483647;
			files = (
				E33270472C7E6AC4008D0A3A /* ViewController.swift in Sources */,
				E33270432C7E6AC4008D0A3A /* AppDelegate.swift in Sources */,
				E332704D2C7E6AC4008D0A3A /* MemoApp_EunMi.xcdatamodeld in Sources */,
				E33270452C7E6AC4008D0A3A /* SceneDelegate.swift in Sources */,
			);
			runOnlyForDeploymentPostprocessing = 0;
		};
/* End PBXSourcesBuildPhase section */

/* Begin PBXVariantGroup section */
		E33270482C7E6AC4008D0A3A /* Main.storyboard */ = {
			isa = PBXVariantGroup;
			children = (
				E33270492C7E6AC4008D0A3A /* Base */,
			);
			name = Main.storyboard;
			sourceTree = "<group>";
		};
		E33270502C7E6AC7008D0A3A /* LaunchScreen.storyboard */ = {
			isa = PBXVariantGroup;
			children = (
				E33270512C7E6AC7008D0A3A /* Base */,
			);
			name = LaunchScreen.storyboard;
			sourceTree = "<group>";
		};
/* End PBXVariantGroup section */

/* Begin XCBuildConfiguration section */
		E33270542C7E6AC7008D0A3A /* Debug */ = {
			isa = XCBuildConfiguration;
			buildSettings = {
				ALWAYS_SEARCH_USER_PATHS = NO;
				ASSETCATALOG_COMPILER_GENERATE_SWIFT_ASSET_SYMBOL_EXTENSIONS = YES;
				CLANG_ANALYZER_NONNULL = YES;
				CLANG_ANALYZER_NUMBER_OBJECT_CONVERSION = YES_AGGRESSIVE;
				CLANG_CXX_LANGUAGE_STANDARD = "gnu++20";
				CLANG_ENABLE_MODULES = YES;
				CLANG_ENABLE_OBJC_ARC = YES;
				CLANG_ENABLE_OBJC_WEAK = YES;
				CLANG_WARN_BLOCK_CAPTURE_AUTORELEASING = YES;
				CLANG_WARN_BOOL_CONVERSION = YES;
				CLANG_WARN_COMMA = YES;
				CLANG_WARN_CONSTANT_CONVERSION = YES;
				CLANG_WARN_DEPRECATED_OBJC_IMPLEMENTATIONS = YES;
				CLANG_WARN_DIRECT_OBJC_ISA_USAGE = YES_ERROR;
				CLANG_WARN_DOCUMENTATION_COMMENTS = YES;
				CLANG_WARN_EMPTY_BODY = YES;
				CLANG_WARN_ENUM_CONVERSION = YES;
				CLANG_WARN_INFINITE_RECURSION = YES;
				CLANG_WARN_INT_CONVERSION = YES;
				CLANG_WARN_NON_LITERAL_NULL_CONVERSION = YES;
				CLANG_WARN_OBJC_IMPLICIT_RETAIN_SELF = YES;
				CLANG_WARN_OBJC_LITERAL_CONVERSION = YES;
				CLANG_WARN_OBJC_ROOT_CLASS = YES_ERROR;
				CLANG_WARN_QUOTED_INCLUDE_IN_FRAMEWORK_HEADER = YES;
				CLANG_WARN_RANGE_LOOP_ANALYSIS = YES;
				CLANG_WARN_STRICT_PROTOTYPES = YES;
				CLANG_WARN_SUSPICIOUS_MOVE = YES;
				CLANG_WARN_UNGUARDED_AVAILABILITY = YES_AGGRESSIVE;
				CLANG_WARN_UNREACHABLE_CODE = YES;
				CLANG_WARN__DUPLICATE_METHOD_MATCH = YES;
				COPY_PHASE_STRIP = NO;
				DEBUG_INFORMATION_FORMAT = dwarf;
				ENABLE_STRICT_OBJC_MSGSEND = YES;
				ENABLE_TESTABILITY = YES;
				ENABLE_USER_SCRIPT_SANDBOXING = YES;
				GCC_C_LANGUAGE_STANDARD = gnu17;
				GCC_DYNAMIC_NO_PIC = NO;
				GCC_NO_COMMON_BLOCKS = YES;
				GCC_OPTIMIZATION_LEVEL = 0;
				GCC_PREPROCESSOR_DEFINITIONS = (
					"DEBUG=1",
					"$(inherited)",
				);
				GCC_WARN_64_TO_32_BIT_CONVERSION = YES;
				GCC_WARN_ABOUT_RETURN_TYPE = YES_ERROR;
				GCC_WARN_UNDECLARED_SELECTOR = YES;
				GCC_WARN_UNINITIALIZED_AUTOS = YES_AGGRESSIVE;
				GCC_WARN_UNUSED_FUNCTION = YES;
				GCC_WARN_UNUSED_VARIABLE = YES;
				IPHONEOS_DEPLOYMENT_TARGET = 17.0;
				LOCALIZATION_PREFERS_STRING_CATALOGS = YES;
				MTL_ENABLE_DEBUG_INFO = INCLUDE_SOURCE;
				MTL_FAST_MATH = YES;
				ONLY_ACTIVE_ARCH = YES;
				SDKROOT = iphoneos;
				SWIFT_ACTIVE_COMPILATION_CONDITIONS = "DEBUG $(inherited)";
				SWIFT_OPTIMIZATION_LEVEL = "-Onone";
			};
			name = Debug;
		};
		E33270552C7E6AC7008D0A3A /* Release */ = {
			isa = XCBuildConfiguration;
			buildSettings = {
				ALWAYS_SEARCH_USER_PATHS = NO;
				ASSETCATALOG_COMPILER_GENERATE_SWIFT_ASSET_SYMBOL_EXTENSIONS = YES;
				CLANG_ANALYZER_NONNULL = YES;
				CLANG_ANALYZER_NUMBER_OBJECT_CONVERSION = YES_AGGRESSIVE;
				CLANG_CXX_LANGUAGE_STANDARD = "gnu++20";
				CLANG_ENABLE_MODULES = YES;
				CLANG_ENABLE_OBJC_ARC = YES;
				CLANG_ENABLE_OBJC_WEAK = YES;
				CLANG_WARN_BLOCK_CAPTURE_AUTORELEASING = YES;
				CLANG_WARN_BOOL_CONVERSION = YES;
				CLANG_WARN_COMMA = YES;
				CLANG_WARN_CONSTANT_CONVERSION = YES;
				CLANG_WARN_DEPRECATED_OBJC_IMPLEMENTATIONS = YES;
				CLANG_WARN_DIRECT_OBJC_ISA_USAGE = YES_ERROR;
				CLANG_WARN_DOCUMENTATION_COMMENTS = YES;
				CLANG_WARN_EMPTY_BODY = YES;
				CLANG_WARN_ENUM_CONVERSION = YES;
				CLANG_WARN_INFINITE_RECURSION = YES;
				CLANG_WARN_INT_CONVERSION = YES;
				CLANG_WARN_NON_LITERAL_NULL_CONVERSION = YES;
				CLANG_WARN_OBJC_IMPLICIT_RETAIN_SELF = YES;
				CLANG_WARN_OBJC_LITERAL_CONVERSION = YES;
				CLANG_WARN_OBJC_ROOT_CLASS = YES_ERROR;
				CLANG_WARN_QUOTED_INCLUDE_IN_FRAMEWORK_HEADER = YES;
				CLANG_WARN_RANGE_LOOP_ANALYSIS = YES;
				CLANG_WARN_STRICT_PROTOTYPES = YES;
				CLANG_WARN_SUSPICIOUS_MOVE = YES;
				CLANG_WARN_UNGUARDED_AVAILABILITY = YES_AGGRESSIVE;
				CLANG_WARN_UNREACHABLE_CODE = YES;
				CLANG_WARN__DUPLICATE_METHOD_MATCH = YES;
				COPY_PHASE_STRIP = NO;
				DEBUG_INFORMATION_FORMAT = "dwarf-with-dsym";
				ENABLE_NS_ASSERTIONS = NO;
				ENABLE_STRICT_OBJC_MSGSEND = YES;
				ENABLE_USER_SCRIPT_SANDBOXING = YES;
				GCC_C_LANGUAGE_STANDARD = gnu17;
				GCC_NO_COMMON_BLOCKS = YES;
				GCC_WARN_64_TO_32_BIT_CONVERSION = YES;
				GCC_WARN_ABOUT_RETURN_TYPE = YES_ERROR;
				GCC_WARN_UNDECLARED_SELECTOR = YES;
				GCC_WARN_UNINITIALIZED_AUTOS = YES_AGGRESSIVE;
				GCC_WARN_UNUSED_FUNCTION = YES;
				GCC_WARN_UNUSED_VARIABLE = YES;
				IPHONEOS_DEPLOYMENT_TARGET = 17.0;
				LOCALIZATION_PREFERS_STRING_CATALOGS = YES;
				MTL_ENABLE_DEBUG_INFO = NO;
				MTL_FAST_MATH = YES;
				SDKROOT = iphoneos;
				SWIFT_COMPILATION_MODE = wholemodule;
				VALIDATE_PRODUCT = YES;
			};
			name = Release;
		};
		E33270572C7E6AC7008D0A3A /* Debug */ = {
			isa = XCBuildConfiguration;
			buildSettings = {
				ASSETCATALOG_COMPILER_APPICON_NAME = AppIcon;
				ASSETCATALOG_COMPILER_GLOBAL_ACCENT_COLOR_NAME = AccentColor;
				CODE_SIGN_STYLE = Automatic;
				CURRENT_PROJECT_VERSION = 1;
				GENERATE_INFOPLIST_FILE = YES;
				INFOPLIST_FILE = MemoApp_EunMi/Info.plist;
				INFOPLIST_KEY_UIApplicationSupportsIndirectInputEvents = YES;
				INFOPLIST_KEY_UILaunchStoryboardName = LaunchScreen;
				INFOPLIST_KEY_UIMainStoryboardFile = Main;
				INFOPLIST_KEY_UISupportedInterfaceOrientations_iPad = "UIInterfaceOrientationPortrait UIInterfaceOrientationPortraitUpsideDown UIInterfaceOrientationLandscapeLeft UIInterfaceOrientationLandscapeRight";
				INFOPLIST_KEY_UISupportedInterfaceOrientations_iPhone = "UIInterfaceOrientationPortrait UIInterfaceOrientationLandscapeLeft UIInterfaceOrientationLandscapeRight";
				LD_RUNPATH_SEARCH_PATHS = (
					"$(inherited)",
					"@executable_path/Frameworks",
				);
				MARKETING_VERSION = 1.0;
				PRODUCT_BUNDLE_IDENTIFIER = "Eunmi.MemoApp-EunMi";
				PRODUCT_NAME = "$(TARGET_NAME)";
				SWIFT_EMIT_LOC_STRINGS = YES;
				SWIFT_VERSION = 5.0;
				TARGETED_DEVICE_FAMILY = "1,2";
			};
			name = Debug;
		};
		E33270582C7E6AC7008D0A3A /* Release */ = {
			isa = XCBuildConfiguration;
			buildSettings = {
				ASSETCATALOG_COMPILER_APPICON_NAME = AppIcon;
				ASSETCATALOG_COMPILER_GLOBAL_ACCENT_COLOR_NAME = AccentColor;
				CODE_SIGN_STYLE = Automatic;
				CURRENT_PROJECT_VERSION = 1;
				GENERATE_INFOPLIST_FILE = YES;
				INFOPLIST_FILE = MemoApp_EunMi/Info.plist;
				INFOPLIST_KEY_UIApplicationSupportsIndirectInputEvents = YES;
				INFOPLIST_KEY_UILaunchStoryboardName = LaunchScreen;
				INFOPLIST_KEY_UIMainStoryboardFile = Main;
				INFOPLIST_KEY_UISupportedInterfaceOrientations_iPad = "UIInterfaceOrientationPortrait UIInterfaceOrientationPortraitUpsideDown UIInterfaceOrientationLandscapeLeft UIInterfaceOrientationLandscapeRight";
				INFOPLIST_KEY_UISupportedInterfaceOrientations_iPhone = "UIInterfaceOrientationPortrait UIInterfaceOrientationLandscapeLeft UIInterfaceOrientationLandscapeRight";
				LD_RUNPATH_SEARCH_PATHS = (
					"$(inherited)",
					"@executable_path/Frameworks",
				);
				MARKETING_VERSION = 1.0;
				PRODUCT_BUNDLE_IDENTIFIER = "Eunmi.MemoApp-EunMi";
				PRODUCT_NAME = "$(TARGET_NAME)";
				SWIFT_EMIT_LOC_STRINGS = YES;
				SWIFT_VERSION = 5.0;
				TARGETED_DEVICE_FAMILY = "1,2";
			};
			name = Release;
		};
/* End XCBuildConfiguration section */

/* Begin XCConfigurationList section */
		E332703A2C7E6AC4008D0A3A /* Build configuration list for PBXProject "MemoApp_EunMi" */ = {
			isa = XCConfigurationList;
			buildConfigurations = (
				E33270542C7E6AC7008D0A3A /* Debug */,
				E33270552C7E6AC7008D0A3A /* Release */,
			);
			defaultConfigurationIsVisible = 0;
			defaultConfigurationName = Release;
		};
		E33270562C7E6AC7008D0A3A /* Build configuration list for PBXNativeTarget "MemoApp_EunMi" */ = {
			isa = XCConfigurationList;
			buildConfigurations = (
				E33270572C7E6AC7008D0A3A /* Debug */,
				E33270582C7E6AC7008D0A3A /* Release */,
			);
			defaultConfigurationIsVisible = 0;
			defaultConfigurationName = Release;
		};
/* End XCConfigurationList section */

/* Begin XCVersionGroup section */
		E332704B2C7E6AC4008D0A3A /* MemoApp_EunMi.xcdatamodeld */ = {
			isa = XCVersionGroup;
			children = (
				E332704C2C7E6AC4008D0A3A /* MemoApp_EunMi.xcdatamodel */,
			);
			currentVersion = E332704C2C7E6AC4008D0A3A /* MemoApp_EunMi.xcdatamodel */;
			path = MemoApp_EunMi.xcdatamodeld;
			sourceTree = "<group>";
			versionGroupType = wrapper.xcdatamodel;
		};
/* End XCVersionGroup section */
	};
	rootObject = E33270372C7E6AC3008D0A3A /* Project object */;
}
